
Microsoft Visual Studio Solution File, Format Version 12.00
# Visual Studio Version 16
VisualStudioVersion = 16.0.30011.22
MinimumVisualStudioVersion = 10.0.40219.1
Project("{9A19103F-16F7-4668-BE54-9A1E7A4F7556}") = "OrderHistoryTestHarness", "OrderHistoryTestHarness\OrderHistoryTestHarness.csproj", "{46546640-02D7-4942-9F90-50CB66219506}"
EndProject
Project("{9A19103F-16F7-4668-BE54-9A1E7A4F7556}") = "CustomerOrderHistoryConsumer", "CustomerOrderHistoryConsumer\CustomerOrderHistoryConsumer.csproj", "{737A0B17-05BA-4C23-9325-5F5C357A2A7C}"
EndProject
Global
	GlobalSection(SolutionConfigurationPlatforms) = preSolution
		Debug|Any CPU = Debug|Any CPU
		Release|Any CPU = Release|Any CPU
	EndGlobalSection
	GlobalSection(ProjectConfigurationPlatforms) = postSolution
		{46546640-02D7-4942-9F90-50CB66219506}.Debug|Any CPU.ActiveCfg = Debug|Any CPU
		{46546640-02D7-4942-9F90-50CB66219506}.Debug|Any CPU.Build.0 = Debug|Any CPU
		{46546640-02D7-4942-9F90-50CB66219506}.Release|Any CPU.ActiveCfg = Release|Any CPU
		{46546640-02D7-4942-9F90-50CB66219506}.Release|Any CPU.Build.0 = Release|Any CPU
		{737A0B17-05BA-4C23-9325-5F5C357A2A7C}.Debug|Any CPU.ActiveCfg = Debug|Any CPU
		{737A0B17-05BA-4C23-9325-5F5C357A2A7C}.Debug|Any CPU.Build.0 = Debug|Any CPU
		{737A0B17-05BA-4C23-9325-5F5C357A2A7C}.Release|Any CPU.ActiveCfg = Release|Any CPU
		{737A0B17-05BA-4C23-9325-5F5C357A2A7C}.Release|Any CPU.Build.0 = Release|Any CPU
	EndGlobalSection
	GlobalSection(SolutionProperties) = preSolution
		HideSolutionNode = FALSE
	EndGlobalSection
	GlobalSection(ExtensibilityGlobals) = postSolution
		SolutionGuid = {D4E1C97E-4551-4341-872E-C3EFBAB86A85}
	EndGlobalSection
EndGlobal
